{
	"name": "@appium/relaxed-caps-plugin",
	"version": "1.0.0-beta.3",
	"lockfileVersion": 2,
	"requires": true,
	"packages": {
		"": {
			"name": "@appium/relaxed-caps-plugin",
			"version": "1.0.0-beta.1",
			"license": "Apache-2.0",
			"dependencies": {
				"lodash": "^4.17.20"
			},
			"engines": {
				"node": ">=10",
				"npm": ">=6"
			}
		},
		"node_modules/lodash": {
			"version": "4.17.21",
			"resolved": "https://registry.npmjs.org/lodash/-/lodash-4.17.21.tgz",
			"integrity": "sha512-v2kDEe57lecTulaDIuNTPy3Ry4gLGJ6Z1O3vE1krgXZNrsQ+LFTGHVxVjcXPs17LhbZVGedAJv8XZ1tvj5FvSg=="
		}
	},
	"dependencies": {
		"lodash": {
			"version": "4.17.21",
			"resolved": "https://registry.npmjs.org/lodash/-/lodash-4.17.21.tgz",
			"integrity": "sha512-v2kDEe57lecTulaDIuNTPy3Ry4gLGJ6Z1O3vE1krgXZNrsQ+LFTGHVxVjcXPs17LhbZVGedAJv8XZ1tvj5FvSg=="
		}
	}
}
